// !$*UTF8*$!
{
	archiveVersion = 1;
	classes = {
	};
	objectVersion = 56;
	objects = {

/* Begin PBXBuildFile section */
		D51A2E5A29B1D86100665060 /* DrawView.swift in Sources */ = {isa = PBXBuildFile; fileRef = D51A2E5929B1D86100665060 /* DrawView.swift */; };
		D5221F8629BF04640077E687 /* CustomView.swift in Sources */ = {isa = PBXBuildFile; fileRef = D5221F8529BF04640077E687 /* CustomView.swift */; };
		D5221F8829C82C590077E687 /* CustomTabView.swift in Sources */ = {isa = PBXBuildFile; fileRef = D5221F8729C82C590077E687 /* CustomTabView.swift */; };
		D5221F8A29C83B900077E687 /* CustPopView.swift in Sources */ = {isa = PBXBuildFile; fileRef = D5221F8929C83B900077E687 /* CustPopView.swift */; };
		D5221F8C29C83BE30077E687 /* CustPopView.xib in Resources */ = {isa = PBXBuildFile; fileRef = D5221F8B29C83BE30077E687 /* CustPopView.xib */; };
		D5221F9129C845B90077E687 /* myVC.m in Sources */ = {isa = PBXBuildFile; fileRef = D5221F8F29C845B90077E687 /* myVC.m */; };
		D5221F9229C845B90077E687 /* myVC.xib in Resources */ = {isa = PBXBuildFile; fileRef = D5221F9029C845B90077E687 /* myVC.xib */; };
		D5DC456229B1884E00D2A2EE /* AppDelegate.swift in Sources */ = {isa = PBXBuildFile; fileRef = D5DC456129B1884E00D2A2EE /* AppDelegate.swift */; };
		D5DC456429B1884E00D2A2EE /* ViewController.swift in Sources */ = {isa = PBXBuildFile; fileRef = D5DC456329B1884E00D2A2EE /* ViewController.swift */; };
		D5DC456629B1885000D2A2EE /* Assets.xcassets in Resources */ = {isa = PBXBuildFile; fileRef = D5DC456529B1885000D2A2EE /* Assets.xcassets */; };
		D5DC456929B1885000D2A2EE /* Main.storyboard in Resources */ = {isa = PBXBuildFile; fileRef = D5DC456729B1885000D2A2EE /* Main.storyboard */; };
/* End PBXBuildFile section */

/* Begin PBXFileReference section */
		D51A2E5929B1D86100665060 /* DrawView.swift */ = {isa = PBXFileReference; lastKnownFileType = sourcecode.swift; path = DrawView.swift; sourceTree = "<group>"; };
		D51A2E5B29B1EAA100665060 /* Info.plist */ = {isa = PBXFileReference; lastKnownFileType = text.plist; path = Info.plist; sourceTree = "<group>"; };
		D5221F8529BF04640077E687 /* CustomView.swift */ = {isa = PBXFileReference; lastKnownFileType = sourcecode.swift; path = CustomView.swift; sourceTree = "<group>"; };
		D5221F8729C82C590077E687 /* CustomTabView.swift */ = {isa = PBXFileReference; lastKnownFileType = sourcecode.swift; path = CustomTabView.swift; sourceTree = "<group>"; };
		D5221F8929C83B900077E687 /* CustPopView.swift */ = {isa = PBXFileReference; lastKnownFileType = sourcecode.swift; path = CustPopView.swift; sourceTree = "<group>"; };
		D5221F8B29C83BE30077E687 /* CustPopView.xib */ = {isa = PBXFileReference; lastKnownFileType = file.xib; path = CustPopView.xib; sourceTree = "<group>"; };
		D5221F8D29C845B80077E687 /* MyMacOs-Bridging-Header.h */ = {isa = PBXFileReference; lastKnownFileType = sourcecode.c.h; path = "MyMacOs-Bridging-Header.h"; sourceTree = "<group>"; };
		D5221F8E29C845B90077E687 /* myVC.h */ = {isa = PBXFileReference; lastKnownFileType = sourcecode.c.h; path = myVC.h; sourceTree = "<group>"; };
		D5221F8F29C845B90077E687 /* myVC.m */ = {isa = PBXFileReference; lastKnownFileType = sourcecode.c.objc; path = myVC.m; sourceTree = "<group>"; };
		D5221F9029C845B90077E687 /* myVC.xib */ = {isa = PBXFileReference; lastKnownFileType = file.xib; path = myVC.xib; sourceTree = "<group>"; };
		D5DC455E29B1884E00D2A2EE /* MyMacOs.app */ = {isa = PBXFileReference; explicitFileType = wrapper.application; includeInIndex = 0; path = MyMacOs.app; sourceTree = BUILT_PRODUCTS_DIR; };
		D5DC456129B1884E00D2A2EE /* AppDelegate.swift */ = {isa = PBXFileReference; lastKnownFileType = sourcecode.swift; path = AppDelegate.swift; sourceTree = "<group>"; };
		D5DC456329B1884E00D2A2EE /* ViewController.swift */ = {isa = PBXFileReference; lastKnownFileType = sourcecode.swift; path = ViewController.swift; sourceTree = "<group>"; };
		D5DC456529B1885000D2A2EE /* Assets.xcassets */ = {isa = PBXFileReference; lastKnownFileType = folder.assetcatalog; path = Assets.xcassets; sourceTree = "<group>"; };
		D5DC456829B1885000D2A2EE /* Base */ = {isa = PBXFileReference; lastKnownFileType = file.storyboard; name = Base; path = Base.lproj/Main.storyboard; sourceTree = "<group>"; };
		D5DC456A29B1885000D2A2EE /* MyMacOs.entitlements */ = {isa = PBXFileReference; lastKnownFileType = text.plist.entitlements; path = MyMacOs.entitlements; sourceTree = "<group>"; };
/* End PBXFileReference section */

/* Begin PBXFrameworksBuildPhase section */
		D5DC455B29B1884E00D2A2EE /* Frameworks */ = {
			isa = PBXFrameworksBuildPhase;
			buildActionMask = 2147483647;
			files = (
			);
			runOnlyForDeploymentPostprocessing = 0;
		};
/* End PBXFrameworksBuildPhase section */

/* Begin PBXGroup section */
		D5DC455529B1884E00D2A2EE = {
			isa = PBXGroup;
			children = (
				D5DC456029B1884E00D2A2EE /* MyMacOs */,
				D5DC455F29B1884E00D2A2EE /* Products */,
			);
			sourceTree = "<group>";
		};
		D5DC455F29B1884E00D2A2EE /* Products */ = {
			isa = PBXGroup;
			children = (
				D5DC455E29B1884E00D2A2EE /* MyMacOs.app */,
			);
			name = Products;
			sourceTree = "<group>";
		};
		D5DC456029B1884E00D2A2EE /* MyMacOs */ = {
			isa = PBXGroup;
			children = (
				D51A2E5B29B1EAA100665060 /* Info.plist */,
				D5DC456129B1884E00D2A2EE /* AppDelegate.swift */,
				D5DC456329B1884E00D2A2EE /* ViewController.swift */,
				D51A2E5929B1D86100665060 /* DrawView.swift */,
				D5221F8529BF04640077E687 /* CustomView.swift */,
				D5221F8729C82C590077E687 /* CustomTabView.swift */,
				D5221F8929C83B900077E687 /* CustPopView.swift */,
				D5221F8B29C83BE30077E687 /* CustPopView.xib */,
				D5221F8E29C845B90077E687 /* myVC.h */,
				D5221F8F29C845B90077E687 /* myVC.m */,
				D5221F9029C845B90077E687 /* myVC.xib */,
				D5DC456529B1885000D2A2EE /* Assets.xcassets */,
				D5DC456729B1885000D2A2EE /* Main.storyboard */,
				D5DC456A29B1885000D2A2EE /* MyMacOs.entitlements */,
				D5221F8D29C845B80077E687 /* MyMacOs-Bridging-Header.h */,
			);
			path = MyMacOs;
			sourceTree = "<group>";
		};
/* End PBXGroup section */

/* Begin PBXNativeTarget section */
		D5DC455D29B1884E00D2A2EE /* MyMacOs */ = {
			isa = PBXNativeTarget;
			buildConfigurationList = D5DC456D29B1885000D2A2EE /* Build configuration list for PBXNativeTarget "MyMacOs" */;
			buildPhases = (
				D5DC455A29B1884E00D2A2EE /* Sources */,
				D5DC455B29B1884E00D2A2EE /* Frameworks */,
				D5DC455C29B1884E00D2A2EE /* Resources */,
			);
			buildRules = (
			);
			dependencies = (
			);
			name = MyMacOs;
			productName = MyMacOs;
			productReference = D5DC455E29B1884E00D2A2EE /* MyMacOs.app */;
			productType = "com.apple.product-type.application";
		};
/* End PBXNativeTarget section */

/* Begin PBXProject section */
		D5DC455629B1884E00D2A2EE /* Project object */ = {
			isa = PBXProject;
			attributes = {
				BuildIndependentTargetsInParallel = 1;
				LastSwiftUpdateCheck = 1400;
				LastUpgradeCheck = 1400;
				TargetAttributes = {
					D5DC455D29B1884E00D2A2EE = {
						CreatedOnToolsVersion = 14.0.1;
						LastSwiftMigration = 1420;
					};
				};
			};
			buildConfigurationList = D5DC455929B1884E00D2A2EE /* Build configuration list for PBXProject "MyMacOs" */;
			compatibilityVersion = "Xcode 14.0";
			developmentRegion = en;
			hasScannedForEncodings = 0;
			knownRegions = (
				en,
				Base,
			);
			mainGroup = D5DC455529B1884E00D2A2EE;
			productRefGroup = D5DC455F29B1884E00D2A2EE /* Products */;
			projectDirPath = "";
			projectRoot = "";
			targets = (
				D5DC455D29B1884E00D2A2EE /* MyMacOs */,
			);
		};
/* End PBXProject section */

/* Begin PBXResourcesBuildPhase section */
		D5DC455C29B1884E00D2A2EE /* Resources */ = {
			isa = PBXResourcesBuildPhase;
			buildActionMask = 2147483647;
			files = (
				D5221F9229C845B90077E687 /* myVC.xib in Resources */,
				D5DC456629B1885000D2A2EE /* Assets.xcassets in Resources */,
				D5221F8C29C83BE30077E687 /* CustPopView.xib in Resources */,
				D5DC456929B1885000D2A2EE /* Main.storyboard in Resources */,
			);
			runOnlyForDeploymentPostprocessing = 0;
		};
/* End PBXResourcesBuildPhase section */

/* Begin PBXSourcesBuildPhase section */
		D5DC455A29B1884E00D2A2EE /* Sources */ = {
			isa = PBXSourcesBuildPhase;
			buildActionMask = 2147483647;
			files = (
				D51A2E5A29B1D86100665060 /* DrawView.swift in Sources */,
				D5221F8A29C83B900077E687 /* CustPopView.swift in Sources */,
				D5221F8629BF04640077E687 /* CustomView.swift in Sources */,
				D5221F8829C82C590077E687 /* CustomTabView.swift in Sources */,
				D5DC456429B1884E00D2A2EE /* ViewController.swift in Sources */,
				D5221F9129C845B90077E687 /* myVC.m in Sources */,
				D5DC456229B1884E00D2A2EE /* AppDelegate.swift in Sources */,
			);
			runOnlyForDeploymentPostprocessing = 0;
		};
/* End PBXSourcesBuildPhase section */

/* Begin PBXVariantGroup section */
		D5DC456729B1885000D2A2EE /* Main.storyboard */ = {
			isa = PBXVariantGroup;
			children = (
				D5DC456829B1885000D2A2EE /* Base */,
			);
			name = Main.storyboard;
			sourceTree = "<group>";
		};
/* End PBXVariantGroup section */

/* Begin XCBuildConfiguration section */
		D5DC456B29B1885000D2A2EE /* Debug */ = {
			isa = XCBuildConfiguration;
			buildSettings = {
				ALWAYS_SEARCH_USER_PATHS = NO;
				CLANG_ANALYZER_NONNULL = YES;
				CLANG_ANALYZER_NUMBER_OBJECT_CONVERSION = YES_AGGRESSIVE;
				CLANG_CXX_LANGUAGE_STANDARD = "gnu++20";
				CLANG_ENABLE_MODULES = YES;
				CLANG_ENABLE_OBJC_ARC = YES;
				CLANG_ENABLE_OBJC_WEAK = YES;
				CLANG_WARN_BLOCK_CAPTURE_AUTORELEASING = YES;
				CLANG_WARN_BOOL_CONVERSION = YES;
				CLANG_WARN_COMMA = YES;
				CLANG_WARN_CONSTANT_CONVERSION = YES;
				CLANG_WARN_DEPRECATED_OBJC_IMPLEMENTATIONS = YES;
				CLANG_WARN_DIRECT_OBJC_ISA_USAGE = YES_ERROR;
				CLANG_WARN_DOCUMENTATION_COMMENTS = YES;
				CLANG_WARN_EMPTY_BODY = YES;
				CLANG_WARN_ENUM_CONVERSION = YES;
				CLANG_WARN_INFINITE_RECURSION = YES;
				CLANG_WARN_INT_CONVERSION = YES;
				CLANG_WARN_NON_LITERAL_NULL_CONVERSION = YES;
				CLANG_WARN_OBJC_IMPLICIT_RETAIN_SELF = YES;
				CLANG_WARN_OBJC_LITERAL_CONVERSION = YES;
				CLANG_WARN_OBJC_ROOT_CLASS = YES_ERROR;
				CLANG_WARN_QUOTED_INCLUDE_IN_FRAMEWORK_HEADER = YES;
				CLANG_WARN_RANGE_LOOP_ANALYSIS = YES;
				CLANG_WARN_STRICT_PROTOTYPES = YES;
				CLANG_WARN_SUSPICIOUS_MOVE = YES;
				CLANG_WARN_UNGUARDED_AVAILABILITY = YES_AGGRESSIVE;
				CLANG_WARN_UNREACHABLE_CODE = YES;
				CLANG_WARN__DUPLICATE_METHOD_MATCH = YES;
				COPY_PHASE_STRIP = NO;
				DEBUG_INFORMATION_FORMAT = dwarf;
				ENABLE_STRICT_OBJC_MSGSEND = YES;
				ENABLE_TESTABILITY = YES;
				GCC_C_LANGUAGE_STANDARD = gnu11;
				GCC_DYNAMIC_NO_PIC = NO;
				GCC_NO_COMMON_BLOCKS = YES;
				GCC_OPTIMIZATION_LEVEL = 0;
				GCC_PREPROCESSOR_DEFINITIONS = (
					"DEBUG=1",
					"$(inherited)",
				);
				GCC_WARN_64_TO_32_BIT_CONVERSION = YES;
				GCC_WARN_ABOUT_RETURN_TYPE = YES_ERROR;
				GCC_WARN_UNDECLARED_SELECTOR = YES;
				GCC_WARN_UNINITIALIZED_AUTOS = YES_AGGRESSIVE;
				GCC_WARN_UNUSED_FUNCTION = YES;
				GCC_WARN_UNUSED_VARIABLE = YES;
				MACOSX_DEPLOYMENT_TARGET = 12.3;
				MTL_ENABLE_DEBUG_INFO = INCLUDE_SOURCE;
				MTL_FAST_MATH = YES;
				ONLY_ACTIVE_ARCH = YES;
				SDKROOT = macosx;
				SWIFT_ACTIVE_COMPILATION_CONDITIONS = DEBUG;
				SWIFT_OPTIMIZATION_LEVEL = "-Onone";
			};
			name = Debug;
		};
		D5DC456C29B1885000D2A2EE /* Release */ = {
			isa = XCBuildConfiguration;
			buildSettings = {
				ALWAYS_SEARCH_USER_PATHS = NO;
				CLANG_ANALYZER_NONNULL = YES;
				CLANG_ANALYZER_NUMBER_OBJECT_CONVERSION = YES_AGGRESSIVE;
				CLANG_CXX_LANGUAGE_STANDARD = "gnu++20";
				CLANG_ENABLE_MODULES = YES;
				CLANG_ENABLE_OBJC_ARC = YES;
				CLANG_ENABLE_OBJC_WEAK = YES;
				CLANG_WARN_BLOCK_CAPTURE_AUTORELEASING = YES;
				CLANG_WARN_BOOL_CONVERSION = YES;
				CLANG_WARN_COMMA = YES;
				CLANG_WARN_CONSTANT_CONVERSION = YES;
				CLANG_WARN_DEPRECATED_OBJC_IMPLEMENTATIONS = YES;
				CLANG_WARN_DIRECT_OBJC_ISA_USAGE = YES_ERROR;
				CLANG_WARN_DOCUMENTATION_COMMENTS = YES;
				CLANG_WARN_EMPTY_BODY = YES;
				CLANG_WARN_ENUM_CONVERSION = YES;
				CLANG_WARN_INFINITE_RECURSION = YES;
				CLANG_WARN_INT_CONVERSION = YES;
				CLANG_WARN_NON_LITERAL_NULL_CONVERSION = YES;
				CLANG_WARN_OBJC_IMPLICIT_RETAIN_SELF = YES;
				CLANG_WARN_OBJC_LITERAL_CONVERSION = YES;
				CLANG_WARN_OBJC_ROOT_CLASS = YES_ERROR;
				CLANG_WARN_QUOTED_INCLUDE_IN_FRAMEWORK_HEADER = YES;
				CLANG_WARN_RANGE_LOOP_ANALYSIS = YES;
				CLANG_WARN_STRICT_PROTOTYPES = YES;
				CLANG_WARN_SUSPICIOUS_MOVE = YES;
				CLANG_WARN_UNGUARDED_AVAILABILITY = YES_AGGRESSIVE;
				CLANG_WARN_UNREACHABLE_CODE = YES;
				CLANG_WARN__DUPLICATE_METHOD_MATCH = YES;
				COPY_PHASE_STRIP = NO;
				DEBUG_INFORMATION_FORMAT = "dwarf-with-dsym";
				ENABLE_NS_ASSERTIONS = NO;
				ENABLE_STRICT_OBJC_MSGSEND = YES;
				GCC_C_LANGUAGE_STANDARD = gnu11;
				GCC_NO_COMMON_BLOCKS = YES;
				GCC_WARN_64_TO_32_BIT_CONVERSION = YES;
				GCC_WARN_ABOUT_RETURN_TYPE = YES_ERROR;
				GCC_WARN_UNDECLARED_SELECTOR = YES;
				GCC_WARN_UNINITIALIZED_AUTOS = YES_AGGRESSIVE;
				GCC_WARN_UNUSED_FUNCTION = YES;
				GCC_WARN_UNUSED_VARIABLE = YES;
				MACOSX_DEPLOYMENT_TARGET = 12.3;
				MTL_ENABLE_DEBUG_INFO = NO;
				MTL_FAST_MATH = YES;
				SDKROOT = macosx;
				SWIFT_COMPILATION_MODE = wholemodule;
				SWIFT_OPTIMIZATION_LEVEL = "-O";
			};
			name = Release;
		};
		D5DC456E29B1885000D2A2EE /* Debug */ = {
			isa = XCBuildConfiguration;
			buildSettings = {
				ASSETCATALOG_COMPILER_APPICON_NAME = AppIcon;
				ASSETCATALOG_COMPILER_GLOBAL_ACCENT_COLOR_NAME = AccentColor;
				CLANG_ENABLE_MODULES = YES;
				CODE_SIGN_ENTITLEMENTS = MyMacOs/MyMacOs.entitlements;
				CODE_SIGN_STYLE = Automatic;
				COMBINE_HIDPI_IMAGES = YES;
				CURRENT_PROJECT_VERSION = 1;
				DEVELOPMENT_TEAM = VXR43ZV554;
				ENABLE_APP_SANDBOX = YES;
				ENABLE_HARDENED_RUNTIME = YES;
				ENABLE_USER_SCRIPT_SANDBOXING = YES;
				ENABLE_USER_SELECTED_FILES = readwrite;
				GENERATE_INFOPLIST_FILE = YES;
				INFOPLIST_FILE = MyMacOs/Info.plist;
				INFOPLIST_KEY_LSApplicationCategoryType = "";
				INFOPLIST_KEY_NSHumanReadableCopyright = "";
				INFOPLIST_KEY_NSMainStoryboardFile = Main;
				INFOPLIST_KEY_NSPrincipalClass = NSApplication;
				LD_RUNPATH_SEARCH_PATHS = (
					"$(inherited)",
					"@executable_path/../Frameworks",
				);
				MARKETING_VERSION = 1.0;
				PRODUCT_BUNDLE_IDENTIFIER = com.wangbendong.cn.MyMacOs;
				PRODUCT_NAME = "$(TARGET_NAME)";
				SWIFT_EMIT_LOC_STRINGS = YES;
				SWIFT_OBJC_BRIDGING_HEADER = "MyMacOs/MyMacOs-Bridging-Header.h";
				SWIFT_OPTIMIZATION_LEVEL = "-Onone";
				SWIFT_VERSION = 5.0;
			};
			name = Debug;
		};
		D5DC456F29B1885000D2A2EE /* Release */ = {
			isa = XCBuildConfiguration;
			buildSettings = {
				ASSETCATALOG_COMPILER_APPICON_NAME = AppIcon;
				ASSETCATALOG_COMPILER_GLOBAL_ACCENT_COLOR_NAME = AccentColor;
				CLANG_ENABLE_MODULES = YES;
				CODE_SIGN_ENTITLEMENTS = MyMacOs/MyMacOs.entitlements;
				CODE_SIGN_STYLE = Automatic;
				COMBINE_HIDPI_IMAGES = YES;
				CURRENT_PROJECT_VERSION = 1;
				DEVELOPMENT_TEAM = VXR43ZV554;
				ENABLE_APP_SANDBOX = YES;
				ENABLE_HARDENED_RUNTIME = YES;
				ENABLE_USER_SCRIPT_SANDBOXING = YES;
				ENABLE_USER_SELECTED_FILES = readwrite;
				GENERATE_INFOPLIST_FILE = YES;
				INFOPLIST_FILE = MyMacOs/Info.plist;
				INFOPLIST_KEY_LSApplicationCategoryType = "";
				INFOPLIST_KEY_NSHumanReadableCopyright = "";
				INFOPLIST_KEY_NSMainStoryboardFile = Main;
				INFOPLIST_KEY_NSPrincipalClass = NSApplication;
				LD_RUNPATH_SEARCH_PATHS = (
					"$(inherited)",
					"@executable_path/../Frameworks",
				);
				MARKETING_VERSION = 1.0;
				PRODUCT_BUNDLE_IDENTIFIER = com.wangbendong.cn.MyMacOs;
				PRODUCT_NAME = "$(TARGET_NAME)";
				SWIFT_EMIT_LOC_STRINGS = YES;
				SWIFT_OBJC_BRIDGING_HEADER = "MyMacOs/MyMacOs-Bridging-Header.h";
				SWIFT_VERSION = 5.0;
			};
			name = Release;
		};
/* End XCBuildConfiguration section */

/* Begin XCConfigurationList section */
		D5DC455929B1884E00D2A2EE /* Build configuration list for PBXProject "MyMacOs" */ = {
			isa = XCConfigurationList;
			buildConfigurations = (
				D5DC456B29B1885000D2A2EE /* Debug */,
				D5DC456C29B1885000D2A2EE /* Release */,
			);
			defaultConfigurationIsVisible = 0;
			defaultConfigurationName = Release;
		};
		D5DC456D29B1885000D2A2EE /* Build configuration list for PBXNativeTarget "MyMacOs" */ = {
			isa = XCConfigurationList;
			buildConfigurations = (
				D5DC456E29B1885000D2A2EE /* Debug */,
				D5DC456F29B1885000D2A2EE /* Release */,
			);
			defaultConfigurationIsVisible = 0;
			defaultConfigurationName = Release;
		};
/* End XCConfigurationList section */
	};
	rootObject = D5DC455629B1884E00D2A2EE /* Project object */;
}
